// !$*UTF8*$!
{
	archiveVersion = 1;
	classes = {
	};
	objectVersion = 48;
	objects = {

/* Begin PBXBuildFile section */
		C0A829FD200DD0E8007025AB /* AppDelegate.swift in Sources */ = {isa = PBXBuildFile; fileRef = C0A829FC200DD0E8007025AB /* AppDelegate.swift */; };
		C0A829FF200DD0E8007025AB /* ViewController.swift in Sources */ = {isa = PBXBuildFile; fileRef = C0A829FE200DD0E8007025AB /* ViewController.swift */; };
		C0A82A02200DD0E8007025AB /* Main.storyboard in Resources */ = {isa = PBXBuildFile; fileRef = C0A82A00200DD0E8007025AB /* Main.storyboard */; };
		C0A82A04200DD0E8007025AB /* Assets.xcassets in Resources */ = {isa = PBXBuildFile; fileRef = C0A82A03200DD0E8007025AB /* Assets.xcassets */; };
		C0A82A07200DD0E8007025AB /* LaunchScreen.storyboard in Resources */ = {isa = PBXBuildFile; fileRef = C0A82A05200DD0E8007025AB /* LaunchScreen.storyboard */; };
		C0A82A0F200DD1B8007025AB /* HSCycleGalleryView.swift in Sources */ = {isa = PBXBuildFile; fileRef = C0A82A0E200DD1B8007025AB /* HSCycleGalleryView.swift */; };
		C0A82A11200DD1D7007025AB /* HSCycleGalleryViewLayout.swift in Sources */ = {isa = PBXBuildFile; fileRef = C0A82A10200DD1D7007025AB /* HSCycleGalleryViewLayout.swift */; };
/* End PBXBuildFile section */

/* Begin PBXFileReference section */
		C0A829F9200DD0E8007025AB /* HSCycleGalleryView.app */ = {isa = PBXFileReference; explicitFileType = wrapper.application; includeInIndex = 0; path = HSCycleGalleryView.app; sourceTree = BUILT_PRODUCTS_DIR; };
		C0A829FC200DD0E8007025AB /* AppDelegate.swift */ = {isa = PBXFileReference; lastKnownFileType = sourcecode.swift; path = AppDelegate.swift; sourceTree = "<group>"; };
		C0A829FE200DD0E8007025AB /* ViewController.swift */ = {isa = PBXFileReference; lastKnownFileType = sourcecode.swift; path = ViewController.swift; sourceTree = "<group>"; };
		C0A82A01200DD0E8007025AB /* Base */ = {isa = PBXFileReference; lastKnownFileType = file.storyboard; name = Base; path = Base.lproj/Main.storyboard; sourceTree = "<group>"; };
		C0A82A03200DD0E8007025AB /* Assets.xcassets */ = {isa = PBXFileReference; lastKnownFileType = folder.assetcatalog; path = Assets.xcassets; sourceTree = "<group>"; };
		C0A82A06200DD0E8007025AB /* Base */ = {isa = PBXFileReference; lastKnownFileType = file.storyboard; name = Base; path = Base.lproj/LaunchScreen.storyboard; sourceTree = "<group>"; };
		C0A82A08200DD0E8007025AB /* Info.plist */ = {isa = PBXFileReference; lastKnownFileType = text.plist.xml; path = Info.plist; sourceTree = "<group>"; };
		C0A82A0E200DD1B8007025AB /* HSCycleGalleryView.swift */ = {isa = PBXFileReference; lastKnownFileType = sourcecode.swift; path = HSCycleGalleryView.swift; sourceTree = "<group>"; };
		C0A82A10200DD1D7007025AB /* HSCycleGalleryViewLayout.swift */ = {isa = PBXFileReference; lastKnownFileType = sourcecode.swift; path = HSCycleGalleryViewLayout.swift; sourceTree = "<group>"; };
/* End PBXFileReference section */

/* Begin PBXFrameworksBuildPhase section */
		C0A829F6200DD0E8007025AB /* Frameworks */ = {
			isa = PBXFrameworksBuildPhase;
			buildActionMask = 2147483647;
			files = (
			);
			runOnlyForDeploymentPostprocessing = 0;
		};
/* End PBXFrameworksBuildPhase section */

/* Begin PBXGroup section */
		C0A829F0200DD0E8007025AB = {
			isa = PBXGroup;
			children = (
				C0A829FB200DD0E8007025AB /* HSCycleGalleryView */,
				C0A829FA200DD0E8007025AB /* Products */,
			);
			sourceTree = "<group>";
		};
		C0A829FA200DD0E8007025AB /* Products */ = {
			isa = PBXGroup;
			children = (
				C0A829F9200DD0E8007025AB /* HSCycleGalleryView.app */,
			);
			name = Products;
			sourceTree = "<group>";
		};
		C0A829FB200DD0E8007025AB /* HSCycleGalleryView */ = {
			isa = PBXGroup;
			children = (
				C0A829FC200DD0E8007025AB /* AppDelegate.swift */,
				C0A829FE200DD0E8007025AB /* ViewController.swift */,
				C0A82A00200DD0E8007025AB /* Main.storyboard */,
				C0A82A03200DD0E8007025AB /* Assets.xcassets */,
				C0A82A05200DD0E8007025AB /* LaunchScreen.storyboard */,
				C0A82A08200DD0E8007025AB /* Info.plist */,
				C0A82A0E200DD1B8007025AB /* HSCycleGalleryView.swift */,
				C0A82A10200DD1D7007025AB /* HSCycleGalleryViewLayout.swift */,
			);
			path = HSCycleGalleryView;
			sourceTree = "<group>";
		};
/* End PBXGroup section */

/* Begin PBXNativeTarget section */
		C0A829F8200DD0E8007025AB /* HSCycleGalleryView */ = {
			isa = PBXNativeTarget;
			buildConfigurationList = C0A82A0B200DD0E8007025AB /* Build configuration list for PBXNativeTarget "HSCycleGalleryView" */;
			buildPhases = (
				C0A829F5200DD0E8007025AB /* Sources */,
				C0A829F6200DD0E8007025AB /* Frameworks */,
				C0A829F7200DD0E8007025AB /* Resources */,
			);
			buildRules = (
			);
			dependencies = (
			);
			name = HSCycleGalleryView;
			productName = HSCycleGalleryView;
			productReference = C0A829F9200DD0E8007025AB /* HSCycleGalleryView.app */;
			productType = "com.apple.product-type.application";
		};
/* End PBXNativeTarget section */

/* Begin PBXProject section */
		C0A829F1200DD0E8007025AB /* Project object */ = {
			isa = PBXProject;
			attributes = {
				LastSwiftUpdateCheck = 0920;
				LastUpgradeCheck = 0920;
				ORGANIZATIONNAME = HansonStudio;
				TargetAttributes = {
					C0A829F8200DD0E8007025AB = {
						CreatedOnToolsVersion = 9.2;
						ProvisioningStyle = Automatic;
					};
				};
			};
			buildConfigurationList = C0A829F4200DD0E8007025AB /* Build configuration list for PBXProject "HSCycleGalleryView" */;
			compatibilityVersion = "Xcode 8.0";
			developmentRegion = en;
			hasScannedForEncodings = 0;
			knownRegions = (
				en,
				Base,
			);
			mainGroup = C0A829F0200DD0E8007025AB;
			productRefGroup = C0A829FA200DD0E8007025AB /* Products */;
			projectDirPath = "";
			projectRoot = "";
			targets = (
				C0A829F8200DD0E8007025AB /* HSCycleGalleryView */,
			);
		};
/* End PBXProject section */

/* Begin PBXResourcesBuildPhase section */
		C0A829F7200DD0E8007025AB /* Resources */ = {
			isa = PBXResourcesBuildPhase;
			buildActionMask = 2147483647;
			files = (
				C0A82A07200DD0E8007025AB /* LaunchScreen.storyboard in Resources */,
				C0A82A04200DD0E8007025AB /* Assets.xcassets in Resources */,
				C0A82A02200DD0E8007025AB /* Main.storyboard in Resources */,
			);
			runOnlyForDeploymentPostprocessing = 0;
		};
/* End PBXResourcesBuildPhase section */

/* Begin PBXSourcesBuildPhase section */
		C0A829F5200DD0E8007025AB /* Sources */ = {
			isa = PBXSourcesBuildPhase;
			buildActionMask = 2147483647;
			files = (
				C0A829FF200DD0E8007025AB /* ViewController.swift in Sources */,
				C0A82A11200DD1D7007025AB /* HSCycleGalleryViewLayout.swift in Sources */,
				C0A82A0F200DD1B8007025AB /* HSCycleGalleryView.swift in Sources */,
				C0A829FD200DD0E8007025AB /* AppDelegate.swift in Sources */,
			);
			runOnlyForDeploymentPostprocessing = 0;
		};
/* End PBXSourcesBuildPhase section */

/* Begin PBXVariantGroup section */
		C0A82A00200DD0E8007025AB /* Main.storyboard */ = {
			isa = PBXVariantGroup;
			children = (
				C0A82A01200DD0E8007025AB /* Base */,
			);
			name = Main.storyboard;
			sourceTree = "<group>";
		};
		C0A82A05200DD0E8007025AB /* LaunchScreen.storyboard */ = {
			isa = PBXVariantGroup;
			children = (
				C0A82A06200DD0E8007025AB /* Base */,
			);
			name = LaunchScreen.storyboard;
			sourceTree = "<group>";
		};
/* End PBXVariantGroup section */

/* Begin XCBuildConfiguration section */
		C0A82A09200DD0E8007025AB /* Debug */ = {
			isa = XCBuildConfiguration;
			buildSettings = {
				ALWAYS_SEARCH_USER_PATHS = NO;
				CLANG_ANALYZER_NONNULL = YES;
				CLANG_ANALYZER_NUMBER_OBJECT_CONVERSION = YES_AGGRESSIVE;
				CLANG_CXX_LANGUAGE_STANDARD = "gnu++14";
				CLANG_CXX_LIBRARY = "libc++";
				CLANG_ENABLE_MODULES = YES;
				CLANG_ENABLE_OBJC_ARC = YES;
				CLANG_WARN_BLOCK_CAPTURE_AUTORELEASING = YES;
				CLANG_WARN_BOOL_CONVERSION = YES;
				CLANG_WARN_COMMA = YES;
				CLANG_WARN_CONSTANT_CONVERSION = YES;
				CLANG_WARN_DIRECT_OBJC_ISA_USAGE = YES_ERROR;
				CLANG_WARN_DOCUMENTATION_COMMENTS = YES;
				CLANG_WARN_EMPTY_BODY = YES;
				CLANG_WARN_ENUM_CONVERSION = YES;
				CLANG_WARN_INFINITE_RECURSION = YES;
				CLANG_WARN_INT_CONVERSION = YES;
				CLANG_WARN_NON_LITERAL_NULL_CONVERSION = YES;
				CLANG_WARN_OBJC_LITERAL_CONVERSION = YES;
				CLANG_WARN_OBJC_ROOT_CLASS = YES_ERROR;
				CLANG_WARN_RANGE_LOOP_ANALYSIS = YES;
				CLANG_WARN_STRICT_PROTOTYPES = YES;
				CLANG_WARN_SUSPICIOUS_MOVE = YES;
				CLANG_WARN_UNGUARDED_AVAILABILITY = YES_AGGRESSIVE;
				CLANG_WARN_UNREACHABLE_CODE = YES;
				CLANG_WARN__DUPLICATE_METHOD_MATCH = YES;
				CODE_SIGN_IDENTITY = "iPhone Developer";
				COPY_PHASE_STRIP = NO;
				DEBUG_INFORMATION_FORMAT = dwarf;
				ENABLE_STRICT_OBJC_MSGSEND = YES;
				ENABLE_TESTABILITY = YES;
				GCC_C_LANGUAGE_STANDARD = gnu11;
				GCC_DYNAMIC_NO_PIC = NO;
				GCC_NO_COMMON_BLOCKS = YES;
				GCC_OPTIMIZATION_LEVEL = 0;
				GCC_PREPROCESSOR_DEFINITIONS = (
					"DEBUG=1",
					"$(inherited)",
				);
				GCC_WARN_64_TO_32_BIT_CONVERSION = YES;
				GCC_WARN_ABOUT_RETURN_TYPE = YES_ERROR;
				GCC_WARN_UNDECLARED_SELECTOR = YES;
				GCC_WARN_UNINITIALIZED_AUTOS = YES_AGGRESSIVE;
				GCC_WARN_UNUSED_FUNCTION = YES;
				GCC_WARN_UNUSED_VARIABLE = YES;
				IPHONEOS_DEPLOYMENT_TARGET = 11.2;
				MTL_ENABLE_DEBUG_INFO = YES;
				ONLY_ACTIVE_ARCH = YES;
				SDKROOT = iphoneos;
				SWIFT_ACTIVE_COMPILATION_CONDITIONS = DEBUG;
				SWIFT_OPTIMIZATION_LEVEL = "-Onone";
			};
			name = Debug;
		};
		C0A82A0A200DD0E8007025AB /* Release */ = {
			isa = XCBuildConfiguration;
			buildSettings = {
				ALWAYS_SEARCH_USER_PATHS = NO;
				CLANG_ANALYZER_NONNULL = YES;
				CLANG_ANALYZER_NUMBER_OBJECT_CONVERSION = YES_AGGRESSIVE;
				CLANG_CXX_LANGUAGE_STANDARD = "gnu++14";
				CLANG_CXX_LIBRARY = "libc++";
				CLANG_ENABLE_MODULES = YES;
				CLANG_ENABLE_OBJC_ARC = YES;
				CLANG_WARN_BLOCK_CAPTURE_AUTORELEASING = YES;
				CLANG_WARN_BOOL_CONVERSION = YES;
				CLANG_WARN_COMMA = YES;
				CLANG_WARN_CONSTANT_CONVERSION = YES;
				CLANG_WARN_DIRECT_OBJC_ISA_USAGE = YES_ERROR;
				CLANG_WARN_DOCUMENTATION_COMMENTS = YES;
				CLANG_WARN_EMPTY_BODY = YES;
				CLANG_WARN_ENUM_CONVERSION = YES;
				CLANG_WARN_INFINITE_RECURSION = YES;
				CLANG_WARN_INT_CONVERSION = YES;
				CLANG_WARN_NON_LITERAL_NULL_CONVERSION = YES;
				CLANG_WARN_OBJC_LITERAL_CONVERSION = YES;
				CLANG_WARN_OBJC_ROOT_CLASS = YES_ERROR;
				CLANG_WARN_RANGE_LOOP_ANALYSIS = YES;
				CLANG_WARN_STRICT_PROTOTYPES = YES;
				CLANG_WARN_SUSPICIOUS_MOVE = YES;
				CLANG_WARN_UNGUARDED_AVAILABILITY = YES_AGGRESSIVE;
				CLANG_WARN_UNREACHABLE_CODE = YES;
				CLANG_WARN__DUPLICATE_METHOD_MATCH = YES;
				CODE_SIGN_IDENTITY = "iPhone Developer";
				COPY_PHASE_STRIP = NO;
				DEBUG_INFORMATION_FORMAT = "dwarf-with-dsym";
				ENABLE_NS_ASSERTIONS = NO;
				ENABLE_STRICT_OBJC_MSGSEND = YES;
				GCC_C_LANGUAGE_STANDARD = gnu11;
				GCC_NO_COMMON_BLOCKS = YES;
				GCC_WARN_64_TO_32_BIT_CONVERSION = YES;
				GCC_WARN_ABOUT_RETURN_TYPE = YES_ERROR;
				GCC_WARN_UNDECLARED_SELECTOR = YES;
				GCC_WARN_UNINITIALIZED_AUTOS = YES_AGGRESSIVE;
				GCC_WARN_UNUSED_FUNCTION = YES;
				GCC_WARN_UNUSED_VARIABLE = YES;
				IPHONEOS_DEPLOYMENT_TARGET = 11.2;
				MTL_ENABLE_DEBUG_INFO = NO;
				SDKROOT = iphoneos;
				SWIFT_OPTIMIZATION_LEVEL = "-Owholemodule";
				VALIDATE_PRODUCT = YES;
			};
			name = Release;
		};
		C0A82A0C200DD0E8007025AB /* Debug */ = {
			isa = XCBuildConfiguration;
			buildSettings = {
				ASSETCATALOG_COMPILER_APPICON_NAME = AppIcon;
				CODE_SIGN_STYLE = Automatic;
				DEVELOPMENT_TEAM = XC238MH24L;
				INFOPLIST_FILE = HSCycleGalleryView/Info.plist;
				IPHONEOS_DEPLOYMENT_TARGET = 9.3;
				LD_RUNPATH_SEARCH_PATHS = "$(inherited) @executable_path/Frameworks";
				PRODUCT_BUNDLE_IDENTIFIER = com.HansonStudio.HSCycleGalleryView;
				PRODUCT_NAME = "$(TARGET_NAME)";
				SWIFT_VERSION = 4.0;
				TARGETED_DEVICE_FAMILY = "1,2";
			};
			name = Debug;
		};
		C0A82A0D200DD0E8007025AB /* Release */ = {
			isa = XCBuildConfiguration;
			buildSettings = {
				ASSETCATALOG_COMPILER_APPICON_NAME = AppIcon;
				CODE_SIGN_STYLE = Automatic;
				DEVELOPMENT_TEAM = XC238MH24L;
				INFOPLIST_FILE = HSCycleGalleryView/Info.plist;
				IPHONEOS_DEPLOYMENT_TARGET = 9.3;
				LD_RUNPATH_SEARCH_PATHS = "$(inherited) @executable_path/Frameworks";
				PRODUCT_BUNDLE_IDENTIFIER = com.HansonStudio.HSCycleGalleryView;
				PRODUCT_NAME = "$(TARGET_NAME)";
				SWIFT_VERSION = 4.0;
				TARGETED_DEVICE_FAMILY = "1,2";
			};
			name = Release;
		};
/* End XCBuildConfiguration section */

/* Begin XCConfigurationList section */
		C0A829F4200DD0E8007025AB /* Build configuration list for PBXProject "HSCycleGalleryView" */ = {
			isa = XCConfigurationList;
			buildConfigurations = (
				C0A82A09200DD0E8007025AB /* Debug */,
				C0A82A0A200DD0E8007025AB /* Release */,
			);
			defaultConfigurationIsVisible = 0;
			defaultConfigurationName = Release;
		};
		C0A82A0B200DD0E8007025AB /* Build configuration list for PBXNativeTarget "HSCycleGalleryView" */ = {
			isa = XCConfigurationList;
			buildConfigurations = (
				C0A82A0C200DD0E8007025AB /* Debug */,
				C0A82A0D200DD0E8007025AB /* Release */,
			);
			defaultConfigurationIsVisible = 0;
			defaultConfigurationName = Release;
		};
/* End XCConfigurationList section */
	};
	rootObject = C0A829F1200DD0E8007025AB /* Project object */;
}
